// !$*UTF8*$!
{
	archiveVersion = 1;
	classes = {
	};
	objectVersion = 56;
	objects = {

/* Begin PBXBuildFile section */
		EB3A38352C4FF6F400EF89A2 /* AppDelegate.swift in Sources */ = {isa = PBXBuildFile; fileRef = EB3A38342C4FF6F400EF89A2 /* AppDelegate.swift */; };
		EB3A38372C4FF6F400EF89A2 /* SceneDelegate.swift in Sources */ = {isa = PBXBuildFile; fileRef = EB3A38362C4FF6F400EF89A2 /* SceneDelegate.swift */; };
		EB3A383E2C4FF6F600EF89A2 /* Assets.xcassets in Resources */ = {isa = PBXBuildFile; fileRef = EB3A383D2C4FF6F600EF89A2 /* Assets.xcassets */; };
		EB3A38412C4FF6F600EF89A2 /* Base in Resources */ = {isa = PBXBuildFile; fileRef = EB3A38402C4FF6F600EF89A2 /* Base */; };
		EB3A38492C5012CA00EF89A2 /* SearchVC.swift in Sources */ = {isa = PBXBuildFile; fileRef = EB3A38482C5012CA00EF89A2 /* SearchVC.swift */; };
		EB3A384B2C5012F800EF89A2 /* FavoritesListVC.swift in Sources */ = {isa = PBXBuildFile; fileRef = EB3A384A2C5012F800EF89A2 /* FavoritesListVC.swift */; };
		EB3A384D2C515D1A00EF89A2 /* FAButton.swift in Sources */ = {isa = PBXBuildFile; fileRef = EB3A384C2C515D1A00EF89A2 /* FAButton.swift */; };
		EB3A384F2C52849B00EF89A2 /* FATitleLabel.swift in Sources */ = {isa = PBXBuildFile; fileRef = EB3A384E2C52849B00EF89A2 /* FATitleLabel.swift */; };
		EB3A38512C5285D900EF89A2 /* FABodyLabel.swift in Sources */ = {isa = PBXBuildFile; fileRef = EB3A38502C5285D900EF89A2 /* FABodyLabel.swift */; };
		EB3A38582C528F4200EF89A2 /* Fruit.swift in Sources */ = {isa = PBXBuildFile; fileRef = EB3A38572C528F4100EF89A2 /* Fruit.swift */; };
		EB3A385A2C528F6800EF89A2 /* Nutritions.swift in Sources */ = {isa = PBXBuildFile; fileRef = EB3A38592C528F6800EF89A2 /* Nutritions.swift */; };
		EB3A385D2C52965C00EF89A2 /* NetworkManager.swift in Sources */ = {isa = PBXBuildFile; fileRef = EB3A385C2C52965C00EF89A2 /* NetworkManager.swift */; };
		EB3A38602C529DDB00EF89A2 /* FAError.swift in Sources */ = {isa = PBXBuildFile; fileRef = EB3A385F2C529DDB00EF89A2 /* FAError.swift */; };
		EB3A38622C52AC5800EF89A2 /* FruitCell.swift in Sources */ = {isa = PBXBuildFile; fileRef = EB3A38612C52AC5800EF89A2 /* FruitCell.swift */; };
		EB3A38642C52ACD400EF89A2 /* FAFruitImageView.swift in Sources */ = {isa = PBXBuildFile; fileRef = EB3A38632C52ACD400EF89A2 /* FAFruitImageView.swift */; };
		EB3A38662C52BCF600EF89A2 /* UIHelper.swift in Sources */ = {isa = PBXBuildFile; fileRef = EB3A38652C52BCF600EF89A2 /* UIHelper.swift */; };
		EB3A38692C53D54000EF89A2 /* UIViewController+Ext.swift in Sources */ = {isa = PBXBuildFile; fileRef = EB3A38682C53D54000EF89A2 /* UIViewController+Ext.swift */; };
		EB3A386B2C53EF1900EF89A2 /* FruitInfoVC.swift in Sources */ = {isa = PBXBuildFile; fileRef = EB3A386A2C53EF1900EF89A2 /* FruitInfoVC.swift */; };
		EB3A386E2C53F6A200EF89A2 /* Constants.swift in Sources */ = {isa = PBXBuildFile; fileRef = EB3A386D2C53F6A200EF89A2 /* Constants.swift */; };
		EB3A38702C53FDFC00EF89A2 /* UIView+Ext.swift in Sources */ = {isa = PBXBuildFile; fileRef = EB3A386F2C53FDFC00EF89A2 /* UIView+Ext.swift */; };
		EB3A38742C540FD000EF89A2 /* FruitInfoHeaderVC.swift in Sources */ = {isa = PBXBuildFile; fileRef = EB3A38732C540FD000EF89A2 /* FruitInfoHeaderVC.swift */; };
/* End PBXBuildFile section */

/* Begin PBXFileReference section */
		EB3A38312C4FF6F400EF89A2 /* FruitApp.app */ = {isa = PBXFileReference; explicitFileType = wrapper.application; includeInIndex = 0; path = FruitApp.app; sourceTree = BUILT_PRODUCTS_DIR; };
		EB3A38342C4FF6F400EF89A2 /* AppDelegate.swift */ = {isa = PBXFileReference; lastKnownFileType = sourcecode.swift; path = AppDelegate.swift; sourceTree = "<group>"; };
		EB3A38362C4FF6F400EF89A2 /* SceneDelegate.swift */ = {isa = PBXFileReference; lastKnownFileType = sourcecode.swift; path = SceneDelegate.swift; sourceTree = "<group>"; };
		EB3A383D2C4FF6F600EF89A2 /* Assets.xcassets */ = {isa = PBXFileReference; lastKnownFileType = folder.assetcatalog; path = Assets.xcassets; sourceTree = "<group>"; };
		EB3A38402C4FF6F600EF89A2 /* Base */ = {isa = PBXFileReference; lastKnownFileType = file.storyboard; name = Base; path = Base.lproj/LaunchScreen.storyboard; sourceTree = "<group>"; };
		EB3A38422C4FF6F600EF89A2 /* Info.plist */ = {isa = PBXFileReference; lastKnownFileType = text.plist.xml; path = Info.plist; sourceTree = "<group>"; };
		EB3A38482C5012CA00EF89A2 /* SearchVC.swift */ = {isa = PBXFileReference; lastKnownFileType = sourcecode.swift; path = SearchVC.swift; sourceTree = "<group>"; };
		EB3A384A2C5012F800EF89A2 /* FavoritesListVC.swift */ = {isa = PBXFileReference; lastKnownFileType = sourcecode.swift; path = FavoritesListVC.swift; sourceTree = "<group>"; };
		EB3A384C2C515D1A00EF89A2 /* FAButton.swift */ = {isa = PBXFileReference; lastKnownFileType = sourcecode.swift; path = FAButton.swift; sourceTree = "<group>"; };
		EB3A384E2C52849B00EF89A2 /* FATitleLabel.swift */ = {isa = PBXFileReference; lastKnownFileType = sourcecode.swift; path = FATitleLabel.swift; sourceTree = "<group>"; };
		EB3A38502C5285D900EF89A2 /* FABodyLabel.swift */ = {isa = PBXFileReference; lastKnownFileType = sourcecode.swift; path = FABodyLabel.swift; sourceTree = "<group>"; };
		EB3A38572C528F4100EF89A2 /* Fruit.swift */ = {isa = PBXFileReference; lastKnownFileType = sourcecode.swift; path = Fruit.swift; sourceTree = "<group>"; };
		EB3A38592C528F6800EF89A2 /* Nutritions.swift */ = {isa = PBXFileReference; lastKnownFileType = sourcecode.swift; path = Nutritions.swift; sourceTree = "<group>"; };
		EB3A385C2C52965C00EF89A2 /* NetworkManager.swift */ = {isa = PBXFileReference; lastKnownFileType = sourcecode.swift; path = NetworkManager.swift; sourceTree = "<group>"; };
		EB3A385F2C529DDB00EF89A2 /* FAError.swift */ = {isa = PBXFileReference; lastKnownFileType = sourcecode.swift; path = FAError.swift; sourceTree = "<group>"; };
		EB3A38612C52AC5800EF89A2 /* FruitCell.swift */ = {isa = PBXFileReference; lastKnownFileType = sourcecode.swift; path = FruitCell.swift; sourceTree = "<group>"; };
		EB3A38632C52ACD400EF89A2 /* FAFruitImageView.swift */ = {isa = PBXFileReference; lastKnownFileType = sourcecode.swift; path = FAFruitImageView.swift; sourceTree = "<group>"; };
		EB3A38652C52BCF600EF89A2 /* UIHelper.swift */ = {isa = PBXFileReference; lastKnownFileType = sourcecode.swift; path = UIHelper.swift; sourceTree = "<group>"; };
		EB3A38682C53D54000EF89A2 /* UIViewController+Ext.swift */ = {isa = PBXFileReference; lastKnownFileType = sourcecode.swift; path = "UIViewController+Ext.swift"; sourceTree = "<group>"; };
		EB3A386A2C53EF1900EF89A2 /* FruitInfoVC.swift */ = {isa = PBXFileReference; lastKnownFileType = sourcecode.swift; path = FruitInfoVC.swift; sourceTree = "<group>"; };
		EB3A386D2C53F6A200EF89A2 /* Constants.swift */ = {isa = PBXFileReference; lastKnownFileType = sourcecode.swift; name = Constants.swift; path = FruitApp/Utilities/Constants.swift; sourceTree = SOURCE_ROOT; };
		EB3A386F2C53FDFC00EF89A2 /* UIView+Ext.swift */ = {isa = PBXFileReference; lastKnownFileType = sourcecode.swift; path = "UIView+Ext.swift"; sourceTree = "<group>"; };
		EB3A38732C540FD000EF89A2 /* FruitInfoHeaderVC.swift */ = {isa = PBXFileReference; lastKnownFileType = sourcecode.swift; path = FruitInfoHeaderVC.swift; sourceTree = "<group>"; };
/* End PBXFileReference section */

/* Begin PBXFrameworksBuildPhase section */
		EB3A382E2C4FF6F400EF89A2 /* Frameworks */ = {
			isa = PBXFrameworksBuildPhase;
			buildActionMask = 2147483647;
			files = (
			);
			runOnlyForDeploymentPostprocessing = 0;
		};
/* End PBXFrameworksBuildPhase section */

/* Begin PBXGroup section */
		EB3A38282C4FF6F400EF89A2 = {
			isa = PBXGroup;
			children = (
				EB3A38332C4FF6F400EF89A2 /* FruitApp */,
				EB3A38322C4FF6F400EF89A2 /* Products */,
			);
			sourceTree = "<group>";
		};
		EB3A38322C4FF6F400EF89A2 /* Products */ = {
			isa = PBXGroup;
			children = (
				EB3A38312C4FF6F400EF89A2 /* FruitApp.app */,
			);
			name = Products;
			sourceTree = "<group>";
		};
		EB3A38332C4FF6F400EF89A2 /* FruitApp */ = {
			isa = PBXGroup;
			children = (
				EB3A385E2C529DBD00EF89A2 /* Utilities */,
				EB3A38672C53D52000EF89A2 /* Extensions */,
				EB3A38562C528D7500EF89A2 /* Model */,
				EB3A385B2C52962600EF89A2 /* Managers */,
				EB3A38522C5288D600EF89A2 /* CustomViews */,
				EB3A38532C5288F300EF89A2 /* Screens */,
				EB3A38542C52894E00EF89A2 /* Support */,
			);
			path = FruitApp;
			sourceTree = "<group>";
		};
		EB3A38522C5288D600EF89A2 /* CustomViews */ = {
			isa = PBXGroup;
			children = (
				EB3A384C2C515D1A00EF89A2 /* FAButton.swift */,
				EB3A384E2C52849B00EF89A2 /* FATitleLabel.swift */,
				EB3A38502C5285D900EF89A2 /* FABodyLabel.swift */,
				EB3A38612C52AC5800EF89A2 /* FruitCell.swift */,
				EB3A38632C52ACD400EF89A2 /* FAFruitImageView.swift */,
				EB3A38732C540FD000EF89A2 /* FruitInfoHeaderVC.swift */,
			);
			path = CustomViews;
			sourceTree = "<group>";
		};
		EB3A38532C5288F300EF89A2 /* Screens */ = {
			isa = PBXGroup;
			children = (
				EB3A384A2C5012F800EF89A2 /* FavoritesListVC.swift */,
				EB3A38482C5012CA00EF89A2 /* SearchVC.swift */,
				EB3A386A2C53EF1900EF89A2 /* FruitInfoVC.swift */,
			);
			path = Screens;
			sourceTree = "<group>";
		};
		EB3A38542C52894E00EF89A2 /* Support */ = {
			isa = PBXGroup;
			children = (
				EB3A38342C4FF6F400EF89A2 /* AppDelegate.swift */,
				EB3A38362C4FF6F400EF89A2 /* SceneDelegate.swift */,
				EB3A383D2C4FF6F600EF89A2 /* Assets.xcassets */,
				EB3A383F2C4FF6F600EF89A2 /* LaunchScreen.storyboard */,
				EB3A38422C4FF6F600EF89A2 /* Info.plist */,
			);
			path = Support;
			sourceTree = "<group>";
		};
		EB3A38562C528D7500EF89A2 /* Model */ = {
			isa = PBXGroup;
			children = (
				EB3A38572C528F4100EF89A2 /* Fruit.swift */,
				EB3A38592C528F6800EF89A2 /* Nutritions.swift */,
			);
			path = Model;
			sourceTree = "<group>";
		};
		EB3A385B2C52962600EF89A2 /* Managers */ = {
			isa = PBXGroup;
			children = (
				EB3A385C2C52965C00EF89A2 /* NetworkManager.swift */,
			);
			path = Managers;
			sourceTree = "<group>";
		};
		EB3A385E2C529DBD00EF89A2 /* Utilities */ = {
			isa = PBXGroup;
			children = (
				EB3A386D2C53F6A200EF89A2 /* Constants.swift */,
				EB3A385F2C529DDB00EF89A2 /* FAError.swift */,
				EB3A38652C52BCF600EF89A2 /* UIHelper.swift */,
			);
			path = Utilities;
			sourceTree = "<group>";
		};
		EB3A38672C53D52000EF89A2 /* Extensions */ = {
			isa = PBXGroup;
			children = (
				EB3A38682C53D54000EF89A2 /* UIViewController+Ext.swift */,
				EB3A386F2C53FDFC00EF89A2 /* UIView+Ext.swift */,
			);
			path = Extensions;
			sourceTree = "<group>";
		};
/* End PBXGroup section */

/* Begin PBXNativeTarget section */
		EB3A38302C4FF6F400EF89A2 /* FruitApp */ = {
			isa = PBXNativeTarget;
			buildConfigurationList = EB3A38452C4FF6F600EF89A2 /* Build configuration list for PBXNativeTarget "FruitApp" */;
			buildPhases = (
				EB3A382D2C4FF6F400EF89A2 /* Sources */,
				EB3A382E2C4FF6F400EF89A2 /* Frameworks */,
				EB3A382F2C4FF6F400EF89A2 /* Resources */,
			);
			buildRules = (
			);
			dependencies = (
			);
			name = FruitApp;
			productName = FruitApp;
			productReference = EB3A38312C4FF6F400EF89A2 /* FruitApp.app */;
			productType = "com.apple.product-type.application";
		};
/* End PBXNativeTarget section */

/* Begin PBXProject section */
		EB3A38292C4FF6F400EF89A2 /* Project object */ = {
			isa = PBXProject;
			attributes = {
				BuildIndependentTargetsInParallel = 1;
				LastSwiftUpdateCheck = 1540;
				LastUpgradeCheck = 1540;
				TargetAttributes = {
					EB3A38302C4FF6F400EF89A2 = {
						CreatedOnToolsVersion = 15.4;
					};
				};
			};
			buildConfigurationList = EB3A382C2C4FF6F400EF89A2 /* Build configuration list for PBXProject "FruitApp" */;
			compatibilityVersion = "Xcode 14.0";
			developmentRegion = en;
			hasScannedForEncodings = 0;
			knownRegions = (
				en,
				Base,
			);
			mainGroup = EB3A38282C4FF6F400EF89A2;
			productRefGroup = EB3A38322C4FF6F400EF89A2 /* Products */;
			projectDirPath = "";
			projectRoot = "";
			targets = (
				EB3A38302C4FF6F400EF89A2 /* FruitApp */,
			);
		};
/* End PBXProject section */

/* Begin PBXResourcesBuildPhase section */
		EB3A382F2C4FF6F400EF89A2 /* Resources */ = {
			isa = PBXResourcesBuildPhase;
			buildActionMask = 2147483647;
			files = (
				EB3A383E2C4FF6F600EF89A2 /* Assets.xcassets in Resources */,
				EB3A38412C4FF6F600EF89A2 /* Base in Resources */,
			);
			runOnlyForDeploymentPostprocessing = 0;
		};
/* End PBXResourcesBuildPhase section */

/* Begin PBXSourcesBuildPhase section */
		EB3A382D2C4FF6F400EF89A2 /* Sources */ = {
			isa = PBXSourcesBuildPhase;
			buildActionMask = 2147483647;
			files = (
				EB3A38602C529DDB00EF89A2 /* FAError.swift in Sources */,
				EB3A386E2C53F6A200EF89A2 /* Constants.swift in Sources */,
				EB3A38582C528F4200EF89A2 /* Fruit.swift in Sources */,
				EB3A38692C53D54000EF89A2 /* UIViewController+Ext.swift in Sources */,
				EB3A38492C5012CA00EF89A2 /* SearchVC.swift in Sources */,
				EB3A38642C52ACD400EF89A2 /* FAFruitImageView.swift in Sources */,
				EB3A385D2C52965C00EF89A2 /* NetworkManager.swift in Sources */,
				EB3A38622C52AC5800EF89A2 /* FruitCell.swift in Sources */,
				EB3A385A2C528F6800EF89A2 /* Nutritions.swift in Sources */,
				EB3A38512C5285D900EF89A2 /* FABodyLabel.swift in Sources */,
				EB3A384D2C515D1A00EF89A2 /* FAButton.swift in Sources */,
				EB3A384B2C5012F800EF89A2 /* FavoritesListVC.swift in Sources */,
				EB3A38742C540FD000EF89A2 /* FruitInfoHeaderVC.swift in Sources */,
				EB3A386B2C53EF1900EF89A2 /* FruitInfoVC.swift in Sources */,
				EB3A38352C4FF6F400EF89A2 /* AppDelegate.swift in Sources */,
				EB3A38702C53FDFC00EF89A2 /* UIView+Ext.swift in Sources */,
				EB3A384F2C52849B00EF89A2 /* FATitleLabel.swift in Sources */,
				EB3A38372C4FF6F400EF89A2 /* SceneDelegate.swift in Sources */,
				EB3A38662C52BCF600EF89A2 /* UIHelper.swift in Sources */,
			);
			runOnlyForDeploymentPostprocessing = 0;
		};
/* End PBXSourcesBuildPhase section */

/* Begin PBXVariantGroup section */
		EB3A383F2C4FF6F600EF89A2 /* LaunchScreen.storyboard */ = {
			isa = PBXVariantGroup;
			children = (
				EB3A38402C4FF6F600EF89A2 /* Base */,
			);
			name = LaunchScreen.storyboard;
			sourceTree = "<group>";
		};
/* End PBXVariantGroup section */

/* Begin XCBuildConfiguration section */
		EB3A38432C4FF6F600EF89A2 /* Debug */ = {
			isa = XCBuildConfiguration;
			buildSettings = {
				ALWAYS_SEARCH_USER_PATHS = NO;
				ASSETCATALOG_COMPILER_GENERATE_SWIFT_ASSET_SYMBOL_EXTENSIONS = YES;
				CLANG_ANALYZER_NONNULL = YES;
				CLANG_ANALYZER_NUMBER_OBJECT_CONVERSION = YES_AGGRESSIVE;
				CLANG_CXX_LANGUAGE_STANDARD = "gnu++20";
				CLANG_ENABLE_MODULES = YES;
				CLANG_ENABLE_OBJC_ARC = YES;
				CLANG_ENABLE_OBJC_WEAK = YES;
				CLANG_WARN_BLOCK_CAPTURE_AUTORELEASING = YES;
				CLANG_WARN_BOOL_CONVERSION = YES;
				CLANG_WARN_COMMA = YES;
				CLANG_WARN_CONSTANT_CONVERSION = YES;
				CLANG_WARN_DEPRECATED_OBJC_IMPLEMENTATIONS = YES;
				CLANG_WARN_DIRECT_OBJC_ISA_USAGE = YES_ERROR;
				CLANG_WARN_DOCUMENTATION_COMMENTS = YES;
				CLANG_WARN_EMPTY_BODY = YES;
				CLANG_WARN_ENUM_CONVERSION = YES;
				CLANG_WARN_INFINITE_RECURSION = YES;
				CLANG_WARN_INT_CONVERSION = YES;
				CLANG_WARN_NON_LITERAL_NULL_CONVERSION = YES;
				CLANG_WARN_OBJC_IMPLICIT_RETAIN_SELF = YES;
				CLANG_WARN_OBJC_LITERAL_CONVERSION = YES;
				CLANG_WARN_OBJC_ROOT_CLASS = YES_ERROR;
				CLANG_WARN_QUOTED_INCLUDE_IN_FRAMEWORK_HEADER = YES;
				CLANG_WARN_RANGE_LOOP_ANALYSIS = YES;
				CLANG_WARN_STRICT_PROTOTYPES = YES;
				CLANG_WARN_SUSPICIOUS_MOVE = YES;
				CLANG_WARN_UNGUARDED_AVAILABILITY = YES_AGGRESSIVE;
				CLANG_WARN_UNREACHABLE_CODE = YES;
				CLANG_WARN__DUPLICATE_METHOD_MATCH = YES;
				COPY_PHASE_STRIP = NO;
				DEBUG_INFORMATION_FORMAT = dwarf;
				ENABLE_STRICT_OBJC_MSGSEND = YES;
				ENABLE_TESTABILITY = YES;
				ENABLE_USER_SCRIPT_SANDBOXING = YES;
				GCC_C_LANGUAGE_STANDARD = gnu17;
				GCC_DYNAMIC_NO_PIC = NO;
				GCC_NO_COMMON_BLOCKS = YES;
				GCC_OPTIMIZATION_LEVEL = 0;
				GCC_PREPROCESSOR_DEFINITIONS = (
					"DEBUG=1",
					"$(inherited)",
				);
				GCC_WARN_64_TO_32_BIT_CONVERSION = YES;
				GCC_WARN_ABOUT_RETURN_TYPE = YES_ERROR;
				GCC_WARN_UNDECLARED_SELECTOR = YES;
				GCC_WARN_UNINITIALIZED_AUTOS = YES_AGGRESSIVE;
				GCC_WARN_UNUSED_FUNCTION = YES;
				GCC_WARN_UNUSED_VARIABLE = YES;
				IPHONEOS_DEPLOYMENT_TARGET = 17.5;
				LOCALIZATION_PREFERS_STRING_CATALOGS = YES;
				MTL_ENABLE_DEBUG_INFO = INCLUDE_SOURCE;
				MTL_FAST_MATH = YES;
				ONLY_ACTIVE_ARCH = YES;
				SDKROOT = iphoneos;
				SWIFT_ACTIVE_COMPILATION_CONDITIONS = "DEBUG $(inherited)";
				SWIFT_OPTIMIZATION_LEVEL = "-Onone";
			};
			name = Debug;
		};
		EB3A38442C4FF6F600EF89A2 /* Release */ = {
			isa = XCBuildConfiguration;
			buildSettings = {
				ALWAYS_SEARCH_USER_PATHS = NO;
				ASSETCATALOG_COMPILER_GENERATE_SWIFT_ASSET_SYMBOL_EXTENSIONS = YES;
				CLANG_ANALYZER_NONNULL = YES;
				CLANG_ANALYZER_NUMBER_OBJECT_CONVERSION = YES_AGGRESSIVE;
				CLANG_CXX_LANGUAGE_STANDARD = "gnu++20";
				CLANG_ENABLE_MODULES = YES;
				CLANG_ENABLE_OBJC_ARC = YES;
				CLANG_ENABLE_OBJC_WEAK = YES;
				CLANG_WARN_BLOCK_CAPTURE_AUTORELEASING = YES;
				CLANG_WARN_BOOL_CONVERSION = YES;
				CLANG_WARN_COMMA = YES;
				CLANG_WARN_CONSTANT_CONVERSION = YES;
				CLANG_WARN_DEPRECATED_OBJC_IMPLEMENTATIONS = YES;
				CLANG_WARN_DIRECT_OBJC_ISA_USAGE = YES_ERROR;
				CLANG_WARN_DOCUMENTATION_COMMENTS = YES;
				CLANG_WARN_EMPTY_BODY = YES;
				CLANG_WARN_ENUM_CONVERSION = YES;
				CLANG_WARN_INFINITE_RECURSION = YES;
				CLANG_WARN_INT_CONVERSION = YES;
				CLANG_WARN_NON_LITERAL_NULL_CONVERSION = YES;
				CLANG_WARN_OBJC_IMPLICIT_RETAIN_SELF = YES;
				CLANG_WARN_OBJC_LITERAL_CONVERSION = YES;
				CLANG_WARN_OBJC_ROOT_CLASS = YES_ERROR;
				CLANG_WARN_QUOTED_INCLUDE_IN_FRAMEWORK_HEADER = YES;
				CLANG_WARN_RANGE_LOOP_ANALYSIS = YES;
				CLANG_WARN_STRICT_PROTOTYPES = YES;
				CLANG_WARN_SUSPICIOUS_MOVE = YES;
				CLANG_WARN_UNGUARDED_AVAILABILITY = YES_AGGRESSIVE;
				CLANG_WARN_UNREACHABLE_CODE = YES;
				CLANG_WARN__DUPLICATE_METHOD_MATCH = YES;
				COPY_PHASE_STRIP = NO;
				DEBUG_INFORMATION_FORMAT = "dwarf-with-dsym";
				ENABLE_NS_ASSERTIONS = NO;
				ENABLE_STRICT_OBJC_MSGSEND = YES;
				ENABLE_USER_SCRIPT_SANDBOXING = YES;
				GCC_C_LANGUAGE_STANDARD = gnu17;
				GCC_NO_COMMON_BLOCKS = YES;
				GCC_WARN_64_TO_32_BIT_CONVERSION = YES;
				GCC_WARN_ABOUT_RETURN_TYPE = YES_ERROR;
				GCC_WARN_UNDECLARED_SELECTOR = YES;
				GCC_WARN_UNINITIALIZED_AUTOS = YES_AGGRESSIVE;
				GCC_WARN_UNUSED_FUNCTION = YES;
				GCC_WARN_UNUSED_VARIABLE = YES;
				IPHONEOS_DEPLOYMENT_TARGET = 17.5;
				LOCALIZATION_PREFERS_STRING_CATALOGS = YES;
				MTL_ENABLE_DEBUG_INFO = NO;
				MTL_FAST_MATH = YES;
				SDKROOT = iphoneos;
				SWIFT_COMPILATION_MODE = wholemodule;
				VALIDATE_PRODUCT = YES;
			};
			name = Release;
		};
		EB3A38462C4FF6F600EF89A2 /* Debug */ = {
			isa = XCBuildConfiguration;
			buildSettings = {
				ASSETCATALOG_COMPILER_APPICON_NAME = AppIcon;
				ASSETCATALOG_COMPILER_GLOBAL_ACCENT_COLOR_NAME = AccentColor;
				CODE_SIGN_STYLE = Automatic;
				CURRENT_PROJECT_VERSION = 1;
				DEVELOPMENT_TEAM = GF6UJT876G;
				GENERATE_INFOPLIST_FILE = YES;
				INFOPLIST_FILE = FruitApp/Support/Info.plist;
				INFOPLIST_KEY_UIApplicationSupportsIndirectInputEvents = YES;
				INFOPLIST_KEY_UILaunchStoryboardName = LaunchScreen;
				INFOPLIST_KEY_UISupportedInterfaceOrientations = UIInterfaceOrientationPortrait;
				INFOPLIST_KEY_UISupportedInterfaceOrientations_iPad = "UIInterfaceOrientationLandscapeLeft UIInterfaceOrientationLandscapeRight UIInterfaceOrientationPortrait UIInterfaceOrientationPortraitUpsideDown";
				LD_RUNPATH_SEARCH_PATHS = (
					"$(inherited)",
					"@executable_path/Frameworks",
				);
				MARKETING_VERSION = 1.0;
				PRODUCT_BUNDLE_IDENTIFIER = com.example.FruitApp;
				PRODUCT_NAME = "$(TARGET_NAME)";
				SUPPORTED_PLATFORMS = "iphoneos iphonesimulator";
				SUPPORTS_MACCATALYST = NO;
				SUPPORTS_MAC_DESIGNED_FOR_IPHONE_IPAD = NO;
				SUPPORTS_XR_DESIGNED_FOR_IPHONE_IPAD = NO;
				SWIFT_EMIT_LOC_STRINGS = YES;
				SWIFT_VERSION = 5.0;
				TARGETED_DEVICE_FAMILY = 1;
			};
			name = Debug;
		};
		EB3A38472C4FF6F600EF89A2 /* Release */ = {
			isa = XCBuildConfiguration;
			buildSettings = {
				ASSETCATALOG_COMPILER_APPICON_NAME = AppIcon;
				ASSETCATALOG_COMPILER_GLOBAL_ACCENT_COLOR_NAME = AccentColor;
				CODE_SIGN_STYLE = Automatic;
				CURRENT_PROJECT_VERSION = 1;
				DEVELOPMENT_TEAM = GF6UJT876G;
				GENERATE_INFOPLIST_FILE = YES;
				INFOPLIST_FILE = FruitApp/Support/Info.plist;
				INFOPLIST_KEY_UIApplicationSupportsIndirectInputEvents = YES;
				INFOPLIST_KEY_UILaunchStoryboardName = LaunchScreen;
				INFOPLIST_KEY_UISupportedInterfaceOrientations = UIInterfaceOrientationPortrait;
				INFOPLIST_KEY_UISupportedInterfaceOrientations_iPad = "UIInterfaceOrientationLandscapeLeft UIInterfaceOrientationLandscapeRight UIInterfaceOrientationPortrait UIInterfaceOrientationPortraitUpsideDown";
				LD_RUNPATH_SEARCH_PATHS = (
					"$(inherited)",
					"@executable_path/Frameworks",
				);
				MARKETING_VERSION = 1.0;
				PRODUCT_BUNDLE_IDENTIFIER = com.example.FruitApp;
				PRODUCT_NAME = "$(TARGET_NAME)";
				SUPPORTED_PLATFORMS = "iphoneos iphonesimulator";
				SUPPORTS_MACCATALYST = NO;
				SUPPORTS_MAC_DESIGNED_FOR_IPHONE_IPAD = NO;
				SUPPORTS_XR_DESIGNED_FOR_IPHONE_IPAD = NO;
				SWIFT_EMIT_LOC_STRINGS = YES;
				SWIFT_VERSION = 5.0;
				TARGETED_DEVICE_FAMILY = 1;
			};
			name = Release;
		};
/* End XCBuildConfiguration section */

/* Begin XCConfigurationList section */
		EB3A382C2C4FF6F400EF89A2 /* Build configuration list for PBXProject "FruitApp" */ = {
			isa = XCConfigurationList;
			buildConfigurations = (
				EB3A38432C4FF6F600EF89A2 /* Debug */,
				EB3A38442C4FF6F600EF89A2 /* Release */,
			);
			defaultConfigurationIsVisible = 0;
			defaultConfigurationName = Release;
		};
		EB3A38452C4FF6F600EF89A2 /* Build configuration list for PBXNativeTarget "FruitApp" */ = {
			isa = XCConfigurationList;
			buildConfigurations = (
				EB3A38462C4FF6F600EF89A2 /* Debug */,
				EB3A38472C4FF6F600EF89A2 /* Release */,
			);
			defaultConfigurationIsVisible = 0;
			defaultConfigurationName = Release;
		};
/* End XCConfigurationList section */
	};
	rootObject = EB3A38292C4FF6F400EF89A2 /* Project object */;
}
